{
  "name": "trs-xray",
  "version": "0.0.1",
  "lockfileVersion": 2,
  "requires": true,
  "packages": {
    "": {
      "name": "trs-xray",
      "version": "0.0.1",
      "dependencies": {
        "pixi.js": "^6.1.2"
      },
      "devDependencies": {
        "@types/jquery": "^3.5.6",
        "@types/pixi.js": "^5.0.0",
        "typescript": "^4.3.5"
      }
    },
    "node_modules/@pixi/accessibility": {
      "version": "6.1.2",
      "resolved": "https://registry.npmjs.org/@pixi/accessibility/-/accessibility-6.1.2.tgz",
      "integrity": "sha512-riXpC4PBJYaAG5aWUZ3ud+zhF2ulqnNGCMvlcf/RfuNHlI0jd3SQ0/sxI9OwT0usnxjUDd8beDk8txJGmrX8Fw==",
      "peerDependencies": {
        "@pixi/core": "6.1.2",
        "@pixi/display": "6.1.2",
        "@pixi/utils": "6.1.2"
      }
    },
    "node_modules/@pixi/app": {
      "version": "6.1.2",
      "resolved": "https://registry.npmjs.org/@pixi/app/-/app-6.1.2.tgz",
      "integrity": "sha512-fv8kyFw2w8kX9UZNetlNAerM7Uszr2BSXKIMqB8lITpeE7XlnNpDussdF9z87fBjSYgMD3bdWSkhdj54QY6n9A==",
      "peerDependencies": {
        "@pixi/core": "6.1.2",
        "@pixi/display": "6.1.2"
      }
    },
    "node_modules/@pixi/compressed-textures": {
      "version": "6.1.2",
      "resolved": "https://registry.npmjs.org/@pixi/compressed-textures/-/compressed-textures-6.1.2.tgz",
      "integrity": "sha512-BcOaXKS4+6fTOnORt6o2uKUJGpwTIDhIzF+t0ekd9UGhfLykFHIALdgCYPU1e4GvtWWDfaYYhIwWWa8sX+FWTQ==",
      "peerDependencies": {
        "@pixi/constants": "6.1.2",
        "@pixi/core": "6.1.2",
        "@pixi/loaders": "6.1.2",
        "@pixi/utils": "6.1.2"
      }
    },
    "node_modules/@pixi/constants": {
      "version": "6.1.2",
      "resolved": "https://registry.npmjs.org/@pixi/constants/-/constants-6.1.2.tgz",
      "integrity": "sha512-rPHWzGDI/PKD0/p8mrsoednpDhbvfidcen2Vozz7KNO5SS/ljqyiZLEbHwYK/xhc2Z7QvXVuDuPaWl9FBCRiQg=="
    },
    "node_modules/@pixi/core": {
      "version": "6.1.2",
      "resolved": "https://registry.npmjs.org/@pixi/core/-/core-6.1.2.tgz",
      "integrity": "sha512-S+f0qmVkrePor2XKA6A70Axo8ui+HiZgkl1J7AWVtl6MI49+3tXra9Ww3xmp/6jEdIUQyyN5sC8cg8dF/lgmBw==",
      "funding": {
        "type": "opencollective",
        "url": "https://opencollective.com/pixijs"
      },
      "peerDependencies": {
        "@pixi/constants": "6.1.2",
        "@pixi/math": "6.1.2",
        "@pixi/runner": "6.1.2",
        "@pixi/settings": "6.1.2",
        "@pixi/ticker": "6.1.2",
        "@pixi/utils": "6.1.2"
      }
    },
    "node_modules/@pixi/display": {
      "version": "6.1.2",
      "resolved": "https://registry.npmjs.org/@pixi/display/-/display-6.1.2.tgz",
      "integrity": "sha512-JbX9GF6kOg8n8mcOFvcVZBpDRZtB/u7I+L0taOMHHtQ16bdBQ9+CxYgvOi9FLyWQNKl4utnnviQx4t8Km01POQ==",
      "peerDependencies": {
        "@pixi/math": "6.1.2",
        "@pixi/settings": "6.1.2",
        "@pixi/utils": "6.1.2"
      }
    },
    "node_modules/@pixi/extract": {
      "version": "6.1.2",
      "resolved": "https://registry.npmjs.org/@pixi/extract/-/extract-6.1.2.tgz",
      "integrity": "sha512-1vnAOJEaaRsTWyRa4OCodVubvZ0Ib3LVkg5MFU+bDsgnczwUiZEOvtaQKOAiO1F9rEdNdvuo/TQyWlJAuHB73Q==",
      "peerDependencies": {
        "@pixi/core": "6.1.2",
        "@pixi/math": "6.1.2",
        "@pixi/utils": "6.1.2"
      }
    },
    "node_modules/@pixi/filter-alpha": {
      "version": "6.1.2",
      "resolved": "https://registry.npmjs.org/@pixi/filter-alpha/-/filter-alpha-6.1.2.tgz",
      "integrity": "sha512-8qvW6FrJ8liyswfQJrFKRo679j1vhszxsa/A0unXJYGkD8fRlnoywr2gci+yEb/AyEiuwJF59v2YtWjFjkJ2fA==",
      "peerDependencies": {
        "@pixi/core": "6.1.2"
      }
    },
    "node_modules/@pixi/filter-blur": {
      "version": "6.1.2",
      "resolved": "https://registry.npmjs.org/@pixi/filter-blur/-/filter-blur-6.1.2.tgz",
      "integrity": "sha512-4uJUVtuiuQbPBqXwUS7aUoe8SAnjcmAwKR+KClgn/4XvwIXaULvQcmSUTyrROmWeNTGm6LgVcX4pbb8aO5lWLg==",
      "peerDependencies": {
        "@pixi/core": "6.1.2",
        "@pixi/settings": "6.1.2"
      }
    },
    "node_modules/@pixi/filter-color-matrix": {
      "version": "6.1.2",
      "resolved": "https://registry.npmjs.org/@pixi/filter-color-matrix/-/filter-color-matrix-6.1.2.tgz",
      "integrity": "sha512-xHd0OFdJr2nuqUKSjpf9W2OQwrfmQ7v00eiqeBA9azFmMJ4XmsRmAaej+mgBM2L9j4gZmbGE/5h5ZA80NCAHfg==",
      "peerDependencies": {
        "@pixi/core": "6.1.2"
      }
    },
    "node_modules/@pixi/filter-displacement": {
      "version": "6.1.2",
      "resolved": "https://registry.npmjs.org/@pixi/filter-displacement/-/filter-displacement-6.1.2.tgz",
      "integrity": "sha512-LOQJUfsIcgGkURT7/cqdb9sDjhGO9eQXPb8YHeMyBgKouby0On9REFbueE0cwfuY/MGcfru55JH8okcG7YXj2w==",
      "peerDependencies": {
        "@pixi/core": "6.1.2",
        "@pixi/math": "6.1.2"
      }
    },
    "node_modules/@pixi/filter-fxaa": {
      "version": "6.1.2",
      "resolved": "https://registry.npmjs.org/@pixi/filter-fxaa/-/filter-fxaa-6.1.2.tgz",
      "integrity": "sha512-Gx2i8DCSKXhnUz0/rFsTmSaGVXl+kyZnD7/e1WojZD4M/2DPzQXqfbmi2OxsR1dyFBH6utNjmYP8xIvQ4JmSMw==",
      "peerDependencies": {
        "@pixi/core": "6.1.2"
      }
    },
    "node_modules/@pixi/filter-noise": {
      "version": "6.1.2",
      "resolved": "https://registry.npmjs.org/@pixi/filter-noise/-/filter-noise-6.1.2.tgz",
      "integrity": "sha512-sPYw3fuxycnVa12C66RhJGeK32XXfX7ANvH5ZRf6i3NwsnmlEZfid8zrujt23xdY0UNqHxwYyg2RrQS9mLDanw==",
      "peerDependencies": {
        "@pixi/core": "6.1.2"
      }
    },
    "node_modules/@pixi/graphics": {
      "version": "6.1.2",
      "resolved": "https://registry.npmjs.org/@pixi/graphics/-/graphics-6.1.2.tgz",
      "integrity": "sha512-aNQ9242RV3Lg4hLmU4rN9jGKhE84vjkxEWswpyqChDqh5vOeahSjZo4DR+qIsEUwEo/OgRY1kvpWY4+2xzMSjg==",
      "peerDependencies": {
        "@pixi/constants": "6.1.2",
        "@pixi/core": "6.1.2",
        "@pixi/display": "6.1.2",
        "@pixi/math": "6.1.2",
        "@pixi/sprite": "6.1.2",
        "@pixi/utils": "6.1.2"
      }
    },
    "node_modules/@pixi/interaction": {
      "version": "6.1.2",
      "resolved": "https://registry.npmjs.org/@pixi/interaction/-/interaction-6.1.2.tgz",
      "integrity": "sha512-0Hw6ZTXW8jgwq1Ek4wu+JqbSpIeOGvUR9mYuh8Ucrsi089Zavv/sOtAVVO8Zq1psFUjsU+BXSuOZmgOi2xwHFQ==",
      "peerDependencies": {
        "@pixi/core": "6.1.2",
        "@pixi/display": "6.1.2",
        "@pixi/math": "6.1.2",
        "@pixi/ticker": "6.1.2",
        "@pixi/utils": "6.1.2"
      }
    },
    "node_modules/@pixi/loaders": {
      "version": "6.1.2",
      "resolved": "https://registry.npmjs.org/@pixi/loaders/-/loaders-6.1.2.tgz",
      "integrity": "sha512-InzcLF6Xl9DAp8O2w93r+xEfL9tZYe+CMjVKxJCEebee8JliurRX5Tpq/POi1QwwApi5HaQdpbZ5akQGZGA/+Q==",
      "peerDependencies": {
        "@pixi/constants": "6.1.2",
        "@pixi/core": "6.1.2",
        "@pixi/utils": "6.1.2"
      }
    },
    "node_modules/@pixi/math": {
      "version": "6.1.2",
      "resolved": "https://registry.npmjs.org/@pixi/math/-/math-6.1.2.tgz",
      "integrity": "sha512-tARAZaR01bifqQFW5P714k+Kb8KntKoxVSxbxkY58RSibpoCBFZ8ZnrlT4HY3ovIx66KhH7JJeVhCsXG2d/ggg=="
    },
    "node_modules/@pixi/mesh": {
      "version": "6.1.2",
      "resolved": "https://registry.npmjs.org/@pixi/mesh/-/mesh-6.1.2.tgz",
      "integrity": "sha512-3aEke7cXq+EIsuVW8G/Ro5GekbZRDFSSxOtbpzNoSjNdTgnKb3OcNaaygu8tK+ZN2uXxN2u91d6f0ki8Y6VnUA==",
      "peerDependencies": {
        "@pixi/constants": "6.1.2",
        "@pixi/core": "6.1.2",
        "@pixi/display": "6.1.2",
        "@pixi/math": "6.1.2",
        "@pixi/settings": "6.1.2",
        "@pixi/utils": "6.1.2"
      }
    },
    "node_modules/@pixi/mesh-extras": {
      "version": "6.1.2",
      "resolved": "https://registry.npmjs.org/@pixi/mesh-extras/-/mesh-extras-6.1.2.tgz",
      "integrity": "sha512-MtOHfbfDJ0RyNq3S1frm/+erxCyrayZFOJA0bBIFvHW5WeolAcLo+pNGlmh/1qufDTnMK3UM16mOzAz9qNA7wA==",
      "peerDependencies": {
        "@pixi/constants": "6.1.2",
        "@pixi/core": "6.1.2",
        "@pixi/math": "6.1.2",
        "@pixi/mesh": "6.1.2",
        "@pixi/utils": "6.1.2"
      }
    },
    "node_modules/@pixi/mixin-cache-as-bitmap": {
      "version": "6.1.2",
      "resolved": "https://registry.npmjs.org/@pixi/mixin-cache-as-bitmap/-/mixin-cache-as-bitmap-6.1.2.tgz",
      "integrity": "sha512-8H5SZ6KTKI0WIYPNasjgGDanwUuIyyWtug/qK8j/LNuvVZmj9xfeQnih+Zi727SxKLrnD2mPWXWzSbDrp0MpnQ==",
      "peerDependencies": {
        "@pixi/core": "6.1.2",
        "@pixi/display": "6.1.2",
        "@pixi/math": "6.1.2",
        "@pixi/settings": "6.1.2",
        "@pixi/sprite": "6.1.2",
        "@pixi/utils": "6.1.2"
      }
    },
    "node_modules/@pixi/mixin-get-child-by-name": {
      "version": "6.1.2",
      "resolved": "https://registry.npmjs.org/@pixi/mixin-get-child-by-name/-/mixin-get-child-by-name-6.1.2.tgz",
      "integrity": "sha512-9WCGFWiY8fisUCir51Q3JKMSw16M5KSzDxAHVyNlinBv71ifH+AZgdzeogDbQf1ysP4BL2K956czPv19GbcANw==",
      "peerDependencies": {
        "@pixi/display": "6.1.2"
      }
    },
    "node_modules/@pixi/mixin-get-global-position": {
      "version": "6.1.2",
      "resolved": "https://registry.npmjs.org/@pixi/mixin-get-global-position/-/mixin-get-global-position-6.1.2.tgz",
      "integrity": "sha512-E7+yo2Cv+qrIXeH8x3tr98H4qEY3vn+IYTbJP0m7/hVA98qTOoP866MJUBNwgwtbRgNEQJwGuGs+m/yK2mcW7w==",
      "peerDependencies": {
        "@pixi/display": "6.1.2",
        "@pixi/math": "6.1.2"
      }
    },
    "node_modules/@pixi/particle-container": {
      "version": "6.1.2",
      "resolved": "https://registry.npmjs.org/@pixi/particle-container/-/particle-container-6.1.2.tgz",
      "integrity": "sha512-2IvY0nkH8tc7dY6Gk/RyCaSWaPWNEEurPeEkDYhYUcL/ktlqD65PzHQVMZ20nhW5hnHx4bn2H4S1U/5ilvg8Tg==",
      "peerDependencies": {
        "@pixi/constants": "6.1.2",
        "@pixi/core": "6.1.2",
        "@pixi/display": "6.1.2",
        "@pixi/math": "6.1.2",
        "@pixi/utils": "6.1.2"
      }
    },
    "node_modules/@pixi/polyfill": {
      "version": "6.1.2",
      "resolved": "https://registry.npmjs.org/@pixi/polyfill/-/polyfill-6.1.2.tgz",
      "integrity": "sha512-sULLKpSNyax5sYkPMIm+e36zZC1+gfexn5DGrLswR+vHy1Eu8Ler/P0dak+nzKTqwL1hwkuVlCZms+esG9myNQ==",
      "dependencies": {
        "object-assign": "^4.1.1",
        "promise-polyfill": "^8.2.0"
      }
    },
    "node_modules/@pixi/prepare": {
      "version": "6.1.2",
      "resolved": "https://registry.npmjs.org/@pixi/prepare/-/prepare-6.1.2.tgz",
      "integrity": "sha512-qHoS/knfchT7ZvpV1MwJQaS5zb8uvlO2paKRLN76aZR4dHKCpRzVWHJ+5EuSEacbbzX8ElBMTCI0iV1V7L1Jiw==",
      "peerDependencies": {
        "@pixi/core": "6.1.2",
        "@pixi/display": "6.1.2",
        "@pixi/graphics": "6.1.2",
        "@pixi/settings": "6.1.2",
        "@pixi/text": "6.1.2",
        "@pixi/ticker": "6.1.2"
      }
    },
    "node_modules/@pixi/runner": {
      "version": "6.1.2",
      "resolved": "https://registry.npmjs.org/@pixi/runner/-/runner-6.1.2.tgz",
      "integrity": "sha512-OKFnW2qrjgUB/O7i15vvS3YRv49aV1Ny22uoYkWGJZ46y3wg6SWuMfHDOK2HIDMefToNRFhWCxcZJCqT5A7XmQ=="
    },
    "node_modules/@pixi/settings": {
      "version": "6.1.2",
      "resolved": "https://registry.npmjs.org/@pixi/settings/-/settings-6.1.2.tgz",
      "integrity": "sha512-ZulDFSejh475/YOaTsYpOZNWKhfdN93FnojsaLYX4OXcuscF3Ncq4AE8wNwGFraMd0+ZZY9VXHdepU+rjIhF4g==",
      "dependencies": {
        "ismobilejs": "^1.1.0"
      }
    },
    "node_modules/@pixi/sprite": {
      "version": "6.1.2",
      "resolved": "https://registry.npmjs.org/@pixi/sprite/-/sprite-6.1.2.tgz",
      "integrity": "sha512-AzK2UW+VcZ+6sKW++9qokhSMFG35zSAOpRoWk5QgRhbVkdh2L0BB7nK5Z8PZgqmTGCzSq2NvVlzosryPWmLMNw==",
      "peerDependencies": {
        "@pixi/constants": "6.1.2",
        "@pixi/core": "6.1.2",
        "@pixi/display": "6.1.2",
        "@pixi/math": "6.1.2",
        "@pixi/settings": "6.1.2",
        "@pixi/utils": "6.1.2"
      }
    },
    "node_modules/@pixi/sprite-animated": {
      "version": "6.1.2",
      "resolved": "https://registry.npmjs.org/@pixi/sprite-animated/-/sprite-animated-6.1.2.tgz",
      "integrity": "sha512-jriUtbIw1v0AB3sIObM1t7eAIPuB4gtokao6k09EURMepoCQJlYSKIq5FVlmLYU/zf1t7/f/dtpZ65UEKXDytw==",
      "peerDependencies": {
        "@pixi/core": "6.1.2",
        "@pixi/sprite": "6.1.2",
        "@pixi/ticker": "6.1.2"
      }
    },
    "node_modules/@pixi/sprite-tiling": {
      "version": "6.1.2",
      "resolved": "https://registry.npmjs.org/@pixi/sprite-tiling/-/sprite-tiling-6.1.2.tgz",
      "integrity": "sha512-6tOlag2M+bn5aNPi/iyORY/IqB9Gfan5MnaG3HarfZdSlSwQH0yklDePBrG2DQ/X6Rmb94DJd0PxJdCujtFJTg==",
      "peerDependencies": {
        "@pixi/constants": "6.1.2",
        "@pixi/core": "6.1.2",
        "@pixi/display": "6.1.2",
        "@pixi/math": "6.1.2",
        "@pixi/sprite": "6.1.2",
        "@pixi/utils": "6.1.2"
      }
    },
    "node_modules/@pixi/spritesheet": {
      "version": "6.1.2",
      "resolved": "https://registry.npmjs.org/@pixi/spritesheet/-/spritesheet-6.1.2.tgz",
      "integrity": "sha512-PP+sChFaE8vK0PHwChKYeDuFSvYK+Eb6M+eX2pMt3MoXIurGvlrybexUTqTNubxQHWnoLqGIfqq1MWdjmGrs8A==",
      "peerDependencies": {
        "@pixi/core": "6.1.2",
        "@pixi/loaders": "6.1.2",
        "@pixi/math": "6.1.2",
        "@pixi/utils": "6.1.2"
      }
    },
    "node_modules/@pixi/text": {
      "version": "6.1.2",
      "resolved": "https://registry.npmjs.org/@pixi/text/-/text-6.1.2.tgz",
      "integrity": "sha512-9JQ4hEanM946uMvjg4a7uIhnAoGYE6lyxwDUlHw4j/o+8jYN49STc64G+s9Rj7iRw76tudqM2ejphBE+rzC0XQ==",
      "peerDependencies": {
        "@pixi/core": "6.1.2",
        "@pixi/math": "6.1.2",
        "@pixi/settings": "6.1.2",
        "@pixi/sprite": "6.1.2",
        "@pixi/utils": "6.1.2"
      }
    },
    "node_modules/@pixi/text-bitmap": {
      "version": "6.1.2",
      "resolved": "https://registry.npmjs.org/@pixi/text-bitmap/-/text-bitmap-6.1.2.tgz",
      "integrity": "sha512-QpvFC9izghqVo4zkj5mS6PmqKVtd8ArdapYxbxOVystE+gI8IKq7ZJgvvPuaj+9aqCUy20jiMPoLvfSyVGIhUg==",
      "peerDependencies": {
        "@pixi/core": "6.1.2",
        "@pixi/display": "6.1.2",
        "@pixi/loaders": "6.1.2",
        "@pixi/math": "6.1.2",
        "@pixi/mesh": "6.1.2",
        "@pixi/settings": "6.1.2",
        "@pixi/text": "6.1.2",
        "@pixi/utils": "6.1.2"
      }
    },
    "node_modules/@pixi/ticker": {
      "version": "6.1.2",
      "resolved": "https://registry.npmjs.org/@pixi/ticker/-/ticker-6.1.2.tgz",
      "integrity": "sha512-E0S7wzcPPd+hOTghwZeozuXgMvKGa8Zg4+DhlkqBchHt2HDdDzxgy2ZbcyLczBBkuidEx+JRt+BUWBGv4hqZUA==",
      "peerDependencies": {
        "@pixi/settings": "6.1.2"
      }
    },
    "node_modules/@pixi/utils": {
      "version": "6.1.2",
      "resolved": "https://registry.npmjs.org/@pixi/utils/-/utils-6.1.2.tgz",
      "integrity": "sha512-7lacouw8UPAQ0NbBbMEYOff/VRy0qVPV0VuAdKkmrlKu53n6NkocATnUGwdNOHmSNLMAgVu4e30ihwNORrRMAQ==",
      "dependencies": {
        "@types/earcut": "^2.1.0",
        "earcut": "^2.2.2",
        "eventemitter3": "^3.1.0",
        "url": "^0.11.0"
      },
      "peerDependencies": {
        "@pixi/constants": "6.1.2",
        "@pixi/settings": "6.1.2"
      }
    },
    "node_modules/@types/earcut": {
      "version": "2.1.1",
      "resolved": "https://registry.npmjs.org/@types/earcut/-/earcut-2.1.1.tgz",
      "integrity": "sha512-w8oigUCDjElRHRRrMvn/spybSMyX8MTkKA5Dv+tS1IE/TgmNZPqUYtvYBXGY8cieSE66gm+szeK+bnbxC2xHTQ=="
    },
    "node_modules/@types/jquery": {
      "version": "3.5.6",
      "resolved": "https://registry.npmjs.org/@types/jquery/-/jquery-3.5.6.tgz",
      "integrity": "sha512-SmgCQRzGPId4MZQKDj9Hqc6kSXFNWZFHpELkyK8AQhf8Zr6HKfCzFv9ZC1Fv3FyQttJZOlap3qYb12h61iZAIg==",
      "dev": true,
      "dependencies": {
        "@types/sizzle": "*"
      }
    },
    "node_modules/@types/pixi.js": {
      "version": "5.0.0",
      "resolved": "https://registry.npmjs.org/@types/pixi.js/-/pixi.js-5.0.0.tgz",
      "integrity": "sha512-yZqQBR043lRBlBZci2cx6hgmX0fvBfYIqFm6VThlnueXEjitxd3coy+BGsqsZ7+ary7O//+ks4aJRhC5MJoHqA==",
      "deprecated": "This is a stub types definition. pixi.js provides its own type definitions, so you do not need this installed.",
      "dev": true,
      "dependencies": {
        "pixi.js": "*"
      }
    },
    "node_modules/@types/sizzle": {
      "version": "2.3.3",
      "resolved": "https://registry.npmjs.org/@types/sizzle/-/sizzle-2.3.3.tgz",
      "integrity": "sha512-JYM8x9EGF163bEyhdJBpR2QX1R5naCJHC8ucJylJ3w9/CVBaskdQ8WqBf8MmQrd1kRvp/a4TS8HJ+bxzR7ZJYQ==",
      "dev": true
    },
    "node_modules/earcut": {
      "version": "2.2.3",
      "resolved": "https://registry.npmjs.org/earcut/-/earcut-2.2.3.tgz",
      "integrity": "sha512-iRDI1QeCQIhMCZk48DRDMVgQSSBDmbzzNhnxIo+pwx3swkfjMh6vh0nWLq1NdvGHLKH6wIrAM3vQWeTj6qeoug=="
    },
    "node_modules/eventemitter3": {
      "version": "3.1.2",
      "resolved": "https://registry.npmjs.org/eventemitter3/-/eventemitter3-3.1.2.tgz",
      "integrity": "sha512-tvtQIeLVHjDkJYnzf2dgVMxfuSGJeM/7UCG17TT4EumTfNtF+0nebF/4zWOIkCreAbtNqhGEboB6BWrwqNaw4Q=="
    },
    "node_modules/ismobilejs": {
      "version": "1.1.1",
      "resolved": "https://registry.npmjs.org/ismobilejs/-/ismobilejs-1.1.1.tgz",
      "integrity": "sha512-VaFW53yt8QO61k2WJui0dHf4SlL8lxBofUuUmwBo0ljPk0Drz2TiuDW4jo3wDcv41qy/SxrJ+VAzJ/qYqsmzRw=="
    },
    "node_modules/object-assign": {
      "version": "4.1.1",
      "resolved": "https://registry.npmjs.org/object-assign/-/object-assign-4.1.1.tgz",
      "integrity": "sha1-IQmtx5ZYh8/AXLvUQsrIv7s2CGM=",
      "engines": {
        "node": ">=0.10.0"
      }
    },
    "node_modules/pixi.js": {
      "version": "6.1.2",
      "resolved": "https://registry.npmjs.org/pixi.js/-/pixi.js-6.1.2.tgz",
      "integrity": "sha512-i6MWxeRtgGGIEa58KXHG2/1QZmFxrkmieQMtr5+Bs5Eje5vBaQqmmBcysnSTpYuIlxGnmXXmawf/9cd4aFNTCA==",
      "dependencies": {
        "@pixi/accessibility": "6.1.2",
        "@pixi/app": "6.1.2",
        "@pixi/compressed-textures": "6.1.2",
        "@pixi/constants": "6.1.2",
        "@pixi/core": "6.1.2",
        "@pixi/display": "6.1.2",
        "@pixi/extract": "6.1.2",
        "@pixi/filter-alpha": "6.1.2",
        "@pixi/filter-blur": "6.1.2",
        "@pixi/filter-color-matrix": "6.1.2",
        "@pixi/filter-displacement": "6.1.2",
        "@pixi/filter-fxaa": "6.1.2",
        "@pixi/filter-noise": "6.1.2",
        "@pixi/graphics": "6.1.2",
        "@pixi/interaction": "6.1.2",
        "@pixi/loaders": "6.1.2",
        "@pixi/math": "6.1.2",
        "@pixi/mesh": "6.1.2",
        "@pixi/mesh-extras": "6.1.2",
        "@pixi/mixin-cache-as-bitmap": "6.1.2",
        "@pixi/mixin-get-child-by-name": "6.1.2",
        "@pixi/mixin-get-global-position": "6.1.2",
        "@pixi/particle-container": "6.1.2",
        "@pixi/polyfill": "6.1.2",
        "@pixi/prepare": "6.1.2",
        "@pixi/runner": "6.1.2",
        "@pixi/settings": "6.1.2",
        "@pixi/sprite": "6.1.2",
        "@pixi/sprite-animated": "6.1.2",
        "@pixi/sprite-tiling": "6.1.2",
        "@pixi/spritesheet": "6.1.2",
        "@pixi/text": "6.1.2",
        "@pixi/text-bitmap": "6.1.2",
        "@pixi/ticker": "6.1.2",
        "@pixi/utils": "6.1.2"
      },
      "funding": {
        "type": "opencollective",
        "url": "https://opencollective.com/pixijs"
      }
    },
    "node_modules/promise-polyfill": {
      "version": "8.2.0",
      "resolved": "https://registry.npmjs.org/promise-polyfill/-/promise-polyfill-8.2.0.tgz",
      "integrity": "sha512-k/TC0mIcPVF6yHhUvwAp7cvL6I2fFV7TzF1DuGPI8mBh4QQazf36xCKEHKTZKRysEoTQoQdKyP25J8MPJp7j5g=="
    },
    "node_modules/punycode": {
      "version": "1.3.2",
      "resolved": "https://registry.npmjs.org/punycode/-/punycode-1.3.2.tgz",
      "integrity": "sha1-llOgNvt8HuQjQvIyXM7v6jkmxI0="
    },
    "node_modules/querystring": {
      "version": "0.2.0",
      "resolved": "https://registry.npmjs.org/querystring/-/querystring-0.2.0.tgz",
      "integrity": "sha1-sgmEkgO7Jd+CDadW50cAWHhSFiA=",
      "deprecated": "The querystring API is considered Legacy. new code should use the URLSearchParams API instead.",
      "engines": {
        "node": ">=0.4.x"
      }
    },
    "node_modules/typescript": {
      "version": "4.3.5",
      "resolved": "https://registry.npmjs.org/typescript/-/typescript-4.3.5.tgz",
      "integrity": "sha512-DqQgihaQ9cUrskJo9kIyW/+g0Vxsk8cDtZ52a3NGh0YNTfpUSArXSohyUGnvbPazEPLu398C0UxmKSOrPumUzA==",
      "dev": true,
      "bin": {
        "tsc": "bin/tsc",
        "tsserver": "bin/tsserver"
      },
      "engines": {
        "node": ">=4.2.0"
      }
    },
    "node_modules/url": {
      "version": "0.11.0",
      "resolved": "https://registry.npmjs.org/url/-/url-0.11.0.tgz",
      "integrity": "sha1-ODjpfPxgUh63PFJajlW/3Z4uKPE=",
      "dependencies": {
        "punycode": "1.3.2",
        "querystring": "0.2.0"
      }
    }
  },
  "dependencies": {
    "@pixi/accessibility": {
      "version": "6.1.2",
      "resolved": "https://registry.npmjs.org/@pixi/accessibility/-/accessibility-6.1.2.tgz",
      "integrity": "sha512-riXpC4PBJYaAG5aWUZ3ud+zhF2ulqnNGCMvlcf/RfuNHlI0jd3SQ0/sxI9OwT0usnxjUDd8beDk8txJGmrX8Fw==",
      "requires": {}
    },
    "@pixi/app": {
      "version": "6.1.2",
      "resolved": "https://registry.npmjs.org/@pixi/app/-/app-6.1.2.tgz",
      "integrity": "sha512-fv8kyFw2w8kX9UZNetlNAerM7Uszr2BSXKIMqB8lITpeE7XlnNpDussdF9z87fBjSYgMD3bdWSkhdj54QY6n9A==",
      "requires": {}
    },
    "@pixi/compressed-textures": {
      "version": "6.1.2",
      "resolved": "https://registry.npmjs.org/@pixi/compressed-textures/-/compressed-textures-6.1.2.tgz",
      "integrity": "sha512-BcOaXKS4+6fTOnORt6o2uKUJGpwTIDhIzF+t0ekd9UGhfLykFHIALdgCYPU1e4GvtWWDfaYYhIwWWa8sX+FWTQ==",
      "requires": {}
    },
    "@pixi/constants": {
      "version": "6.1.2",
      "resolved": "https://registry.npmjs.org/@pixi/constants/-/constants-6.1.2.tgz",
      "integrity": "sha512-rPHWzGDI/PKD0/p8mrsoednpDhbvfidcen2Vozz7KNO5SS/ljqyiZLEbHwYK/xhc2Z7QvXVuDuPaWl9FBCRiQg=="
    },
    "@pixi/core": {
      "version": "6.1.2",
      "resolved": "https://registry.npmjs.org/@pixi/core/-/core-6.1.2.tgz",
      "integrity": "sha512-S+f0qmVkrePor2XKA6A70Axo8ui+HiZgkl1J7AWVtl6MI49+3tXra9Ww3xmp/6jEdIUQyyN5sC8cg8dF/lgmBw==",
      "requires": {}
    },
    "@pixi/display": {
      "version": "6.1.2",
      "resolved": "https://registry.npmjs.org/@pixi/display/-/display-6.1.2.tgz",
      "integrity": "sha512-JbX9GF6kOg8n8mcOFvcVZBpDRZtB/u7I+L0taOMHHtQ16bdBQ9+CxYgvOi9FLyWQNKl4utnnviQx4t8Km01POQ==",
      "requires": {}
    },
    "@pixi/extract": {
      "version": "6.1.2",
      "resolved": "https://registry.npmjs.org/@pixi/extract/-/extract-6.1.2.tgz",
      "integrity": "sha512-1vnAOJEaaRsTWyRa4OCodVubvZ0Ib3LVkg5MFU+bDsgnczwUiZEOvtaQKOAiO1F9rEdNdvuo/TQyWlJAuHB73Q==",
      "requires": {}
    },
    "@pixi/filter-alpha": {
      "version": "6.1.2",
      "resolved": "https://registry.npmjs.org/@pixi/filter-alpha/-/filter-alpha-6.1.2.tgz",
      "integrity": "sha512-8qvW6FrJ8liyswfQJrFKRo679j1vhszxsa/A0unXJYGkD8fRlnoywr2gci+yEb/AyEiuwJF59v2YtWjFjkJ2fA==",
      "requires": {}
    },
    "@pixi/filter-blur": {
      "version": "6.1.2",
      "resolved": "https://registry.npmjs.org/@pixi/filter-blur/-/filter-blur-6.1.2.tgz",
      "integrity": "sha512-4uJUVtuiuQbPBqXwUS7aUoe8SAnjcmAwKR+KClgn/4XvwIXaULvQcmSUTyrROmWeNTGm6LgVcX4pbb8aO5lWLg==",
      "requires": {}
    },
    "@pixi/filter-color-matrix": {
      "version": "6.1.2",
      "resolved": "https://registry.npmjs.org/@pixi/filter-color-matrix/-/filter-color-matrix-6.1.2.tgz",
      "integrity": "sha512-xHd0OFdJr2nuqUKSjpf9W2OQwrfmQ7v00eiqeBA9azFmMJ4XmsRmAaej+mgBM2L9j4gZmbGE/5h5ZA80NCAHfg==",
      "requires": {}
    },
    "@pixi/filter-displacement": {
      "version": "6.1.2",
      "resolved": "https://registry.npmjs.org/@pixi/filter-displacement/-/filter-displacement-6.1.2.tgz",
      "integrity": "sha512-LOQJUfsIcgGkURT7/cqdb9sDjhGO9eQXPb8YHeMyBgKouby0On9REFbueE0cwfuY/MGcfru55JH8okcG7YXj2w==",
      "requires": {}
    },
    "@pixi/filter-fxaa": {
      "version": "6.1.2",
      "resolved": "https://registry.npmjs.org/@pixi/filter-fxaa/-/filter-fxaa-6.1.2.tgz",
      "integrity": "sha512-Gx2i8DCSKXhnUz0/rFsTmSaGVXl+kyZnD7/e1WojZD4M/2DPzQXqfbmi2OxsR1dyFBH6utNjmYP8xIvQ4JmSMw==",
      "requires": {}
    },
    "@pixi/filter-noise": {
      "version": "6.1.2",
      "resolved": "https://registry.npmjs.org/@pixi/filter-noise/-/filter-noise-6.1.2.tgz",
      "integrity": "sha512-sPYw3fuxycnVa12C66RhJGeK32XXfX7ANvH5ZRf6i3NwsnmlEZfid8zrujt23xdY0UNqHxwYyg2RrQS9mLDanw==",
      "requires": {}
    },
    "@pixi/graphics": {
      "version": "6.1.2",
      "resolved": "https://registry.npmjs.org/@pixi/graphics/-/graphics-6.1.2.tgz",
      "integrity": "sha512-aNQ9242RV3Lg4hLmU4rN9jGKhE84vjkxEWswpyqChDqh5vOeahSjZo4DR+qIsEUwEo/OgRY1kvpWY4+2xzMSjg==",
      "requires": {}
    },
    "@pixi/interaction": {
      "version": "6.1.2",
      "resolved": "https://registry.npmjs.org/@pixi/interaction/-/interaction-6.1.2.tgz",
      "integrity": "sha512-0Hw6ZTXW8jgwq1Ek4wu+JqbSpIeOGvUR9mYuh8Ucrsi089Zavv/sOtAVVO8Zq1psFUjsU+BXSuOZmgOi2xwHFQ==",
      "requires": {}
    },
    "@pixi/loaders": {
      "version": "6.1.2",
      "resolved": "https://registry.npmjs.org/@pixi/loaders/-/loaders-6.1.2.tgz",
      "integrity": "sha512-InzcLF6Xl9DAp8O2w93r+xEfL9tZYe+CMjVKxJCEebee8JliurRX5Tpq/POi1QwwApi5HaQdpbZ5akQGZGA/+Q==",
      "requires": {}
    },
    "@pixi/math": {
      "version": "6.1.2",
      "resolved": "https://registry.npmjs.org/@pixi/math/-/math-6.1.2.tgz",
      "integrity": "sha512-tARAZaR01bifqQFW5P714k+Kb8KntKoxVSxbxkY58RSibpoCBFZ8ZnrlT4HY3ovIx66KhH7JJeVhCsXG2d/ggg=="
    },
    "@pixi/mesh": {
      "version": "6.1.2",
      "resolved": "https://registry.npmjs.org/@pixi/mesh/-/mesh-6.1.2.tgz",
      "integrity": "sha512-3aEke7cXq+EIsuVW8G/Ro5GekbZRDFSSxOtbpzNoSjNdTgnKb3OcNaaygu8tK+ZN2uXxN2u91d6f0ki8Y6VnUA==",
      "requires": {}
    },
    "@pixi/mesh-extras": {
      "version": "6.1.2",
      "resolved": "https://registry.npmjs.org/@pixi/mesh-extras/-/mesh-extras-6.1.2.tgz",
      "integrity": "sha512-MtOHfbfDJ0RyNq3S1frm/+erxCyrayZFOJA0bBIFvHW5WeolAcLo+pNGlmh/1qufDTnMK3UM16mOzAz9qNA7wA==",
      "requires": {}
    },
    "@pixi/mixin-cache-as-bitmap": {
      "version": "6.1.2",
      "resolved": "https://registry.npmjs.org/@pixi/mixin-cache-as-bitmap/-/mixin-cache-as-bitmap-6.1.2.tgz",
      "integrity": "sha512-8H5SZ6KTKI0WIYPNasjgGDanwUuIyyWtug/qK8j/LNuvVZmj9xfeQnih+Zi727SxKLrnD2mPWXWzSbDrp0MpnQ==",
      "requires": {}
    },
    "@pixi/mixin-get-child-by-name": {
      "version": "6.1.2",
      "resolved": "https://registry.npmjs.org/@pixi/mixin-get-child-by-name/-/mixin-get-child-by-name-6.1.2.tgz",
      "integrity": "sha512-9WCGFWiY8fisUCir51Q3JKMSw16M5KSzDxAHVyNlinBv71ifH+AZgdzeogDbQf1ysP4BL2K956czPv19GbcANw==",
      "requires": {}
    },
    "@pixi/mixin-get-global-position": {
      "version": "6.1.2",
      "resolved": "https://registry.npmjs.org/@pixi/mixin-get-global-position/-/mixin-get-global-position-6.1.2.tgz",
      "integrity": "sha512-E7+yo2Cv+qrIXeH8x3tr98H4qEY3vn+IYTbJP0m7/hVA98qTOoP866MJUBNwgwtbRgNEQJwGuGs+m/yK2mcW7w==",
      "requires": {}
    },
    "@pixi/particle-container": {
      "version": "6.1.2",
      "resolved": "https://registry.npmjs.org/@pixi/particle-container/-/particle-container-6.1.2.tgz",
      "integrity": "sha512-2IvY0nkH8tc7dY6Gk/RyCaSWaPWNEEurPeEkDYhYUcL/ktlqD65PzHQVMZ20nhW5hnHx4bn2H4S1U/5ilvg8Tg==",
      "requires": {}
    },
    "@pixi/polyfill": {
      "version": "6.1.2",
      "resolved": "https://registry.npmjs.org/@pixi/polyfill/-/polyfill-6.1.2.tgz",
      "integrity": "sha512-sULLKpSNyax5sYkPMIm+e36zZC1+gfexn5DGrLswR+vHy1Eu8Ler/P0dak+nzKTqwL1hwkuVlCZms+esG9myNQ==",
      "requires": {
        "object-assign": "^4.1.1",
        "promise-polyfill": "^8.2.0"
      }
    },
    "@pixi/prepare": {
      "version": "6.1.2",
      "resolved": "https://registry.npmjs.org/@pixi/prepare/-/prepare-6.1.2.tgz",
      "integrity": "sha512-qHoS/knfchT7ZvpV1MwJQaS5zb8uvlO2paKRLN76aZR4dHKCpRzVWHJ+5EuSEacbbzX8ElBMTCI0iV1V7L1Jiw==",
      "requires": {}
    },
    "@pixi/runner": {
      "version": "6.1.2",
      "resolved": "https://registry.npmjs.org/@pixi/runner/-/runner-6.1.2.tgz",
      "integrity": "sha512-OKFnW2qrjgUB/O7i15vvS3YRv49aV1Ny22uoYkWGJZ46y3wg6SWuMfHDOK2HIDMefToNRFhWCxcZJCqT5A7XmQ=="
    },
    "@pixi/settings": {
      "version": "6.1.2",
      "resolved": "https://registry.npmjs.org/@pixi/settings/-/settings-6.1.2.tgz",
      "integrity": "sha512-ZulDFSejh475/YOaTsYpOZNWKhfdN93FnojsaLYX4OXcuscF3Ncq4AE8wNwGFraMd0+ZZY9VXHdepU+rjIhF4g==",
      "requires": {
        "ismobilejs": "^1.1.0"
      }
    },
    "@pixi/sprite": {
      "version": "6.1.2",
      "resolved": "https://registry.npmjs.org/@pixi/sprite/-/sprite-6.1.2.tgz",
      "integrity": "sha512-AzK2UW+VcZ+6sKW++9qokhSMFG35zSAOpRoWk5QgRhbVkdh2L0BB7nK5Z8PZgqmTGCzSq2NvVlzosryPWmLMNw==",
      "requires": {}
    },
    "@pixi/sprite-animated": {
      "version": "6.1.2",
      "resolved": "https://registry.npmjs.org/@pixi/sprite-animated/-/sprite-animated-6.1.2.tgz",
      "integrity": "sha512-jriUtbIw1v0AB3sIObM1t7eAIPuB4gtokao6k09EURMepoCQJlYSKIq5FVlmLYU/zf1t7/f/dtpZ65UEKXDytw==",
      "requires": {}
    },
    "@pixi/sprite-tiling": {
      "version": "6.1.2",
      "resolved": "https://registry.npmjs.org/@pixi/sprite-tiling/-/sprite-tiling-6.1.2.tgz",
      "integrity": "sha512-6tOlag2M+bn5aNPi/iyORY/IqB9Gfan5MnaG3HarfZdSlSwQH0yklDePBrG2DQ/X6Rmb94DJd0PxJdCujtFJTg==",
      "requires": {}
    },
    "@pixi/spritesheet": {
      "version": "6.1.2",
      "resolved": "https://registry.npmjs.org/@pixi/spritesheet/-/spritesheet-6.1.2.tgz",
      "integrity": "sha512-PP+sChFaE8vK0PHwChKYeDuFSvYK+Eb6M+eX2pMt3MoXIurGvlrybexUTqTNubxQHWnoLqGIfqq1MWdjmGrs8A==",
      "requires": {}
    },
    "@pixi/text": {
      "version": "6.1.2",
      "resolved": "https://registry.npmjs.org/@pixi/text/-/text-6.1.2.tgz",
      "integrity": "sha512-9JQ4hEanM946uMvjg4a7uIhnAoGYE6lyxwDUlHw4j/o+8jYN49STc64G+s9Rj7iRw76tudqM2ejphBE+rzC0XQ==",
      "requires": {}
    },
    "@pixi/text-bitmap": {
      "version": "6.1.2",
      "resolved": "https://registry.npmjs.org/@pixi/text-bitmap/-/text-bitmap-6.1.2.tgz",
      "integrity": "sha512-QpvFC9izghqVo4zkj5mS6PmqKVtd8ArdapYxbxOVystE+gI8IKq7ZJgvvPuaj+9aqCUy20jiMPoLvfSyVGIhUg==",
      "requires": {}
    },
    "@pixi/ticker": {
      "version": "6.1.2",
      "resolved": "https://registry.npmjs.org/@pixi/ticker/-/ticker-6.1.2.tgz",
      "integrity": "sha512-E0S7wzcPPd+hOTghwZeozuXgMvKGa8Zg4+DhlkqBchHt2HDdDzxgy2ZbcyLczBBkuidEx+JRt+BUWBGv4hqZUA==",
      "requires": {}
    },
    "@pixi/utils": {
      "version": "6.1.2",
      "resolved": "https://registry.npmjs.org/@pixi/utils/-/utils-6.1.2.tgz",
      "integrity": "sha512-7lacouw8UPAQ0NbBbMEYOff/VRy0qVPV0VuAdKkmrlKu53n6NkocATnUGwdNOHmSNLMAgVu4e30ihwNORrRMAQ==",
      "requires": {
        "@types/earcut": "^2.1.0",
        "earcut": "^2.2.2",
        "eventemitter3": "^3.1.0",
        "url": "^0.11.0"
      }
    },
    "@types/earcut": {
      "version": "2.1.1",
      "resolved": "https://registry.npmjs.org/@types/earcut/-/earcut-2.1.1.tgz",
      "integrity": "sha512-w8oigUCDjElRHRRrMvn/spybSMyX8MTkKA5Dv+tS1IE/TgmNZPqUYtvYBXGY8cieSE66gm+szeK+bnbxC2xHTQ=="
    },
    "@types/jquery": {
      "version": "3.5.6",
      "resolved": "https://registry.npmjs.org/@types/jquery/-/jquery-3.5.6.tgz",
      "integrity": "sha512-SmgCQRzGPId4MZQKDj9Hqc6kSXFNWZFHpELkyK8AQhf8Zr6HKfCzFv9ZC1Fv3FyQttJZOlap3qYb12h61iZAIg==",
      "dev": true,
      "requires": {
        "@types/sizzle": "*"
      }
    },
    "@types/pixi.js": {
      "version": "5.0.0",
      "resolved": "https://registry.npmjs.org/@types/pixi.js/-/pixi.js-5.0.0.tgz",
      "integrity": "sha512-yZqQBR043lRBlBZci2cx6hgmX0fvBfYIqFm6VThlnueXEjitxd3coy+BGsqsZ7+ary7O//+ks4aJRhC5MJoHqA==",
      "dev": true,
      "requires": {
        "pixi.js": "*"
      }
    },
    "@types/sizzle": {
      "version": "2.3.3",
      "resolved": "https://registry.npmjs.org/@types/sizzle/-/sizzle-2.3.3.tgz",
      "integrity": "sha512-JYM8x9EGF163bEyhdJBpR2QX1R5naCJHC8ucJylJ3w9/CVBaskdQ8WqBf8MmQrd1kRvp/a4TS8HJ+bxzR7ZJYQ==",
      "dev": true
    },
    "earcut": {
      "version": "2.2.3",
      "resolved": "https://registry.npmjs.org/earcut/-/earcut-2.2.3.tgz",
      "integrity": "sha512-iRDI1QeCQIhMCZk48DRDMVgQSSBDmbzzNhnxIo+pwx3swkfjMh6vh0nWLq1NdvGHLKH6wIrAM3vQWeTj6qeoug=="
    },
    "eventemitter3": {
      "version": "3.1.2",
      "resolved": "https://registry.npmjs.org/eventemitter3/-/eventemitter3-3.1.2.tgz",
      "integrity": "sha512-tvtQIeLVHjDkJYnzf2dgVMxfuSGJeM/7UCG17TT4EumTfNtF+0nebF/4zWOIkCreAbtNqhGEboB6BWrwqNaw4Q=="
    },
    "ismobilejs": {
      "version": "1.1.1",
      "resolved": "https://registry.npmjs.org/ismobilejs/-/ismobilejs-1.1.1.tgz",
      "integrity": "sha512-VaFW53yt8QO61k2WJui0dHf4SlL8lxBofUuUmwBo0ljPk0Drz2TiuDW4jo3wDcv41qy/SxrJ+VAzJ/qYqsmzRw=="
    },
    "object-assign": {
      "version": "4.1.1",
      "resolved": "https://registry.npmjs.org/object-assign/-/object-assign-4.1.1.tgz",
      "integrity": "sha1-IQmtx5ZYh8/AXLvUQsrIv7s2CGM="
    },
    "pixi.js": {
      "version": "6.1.2",
      "resolved": "https://registry.npmjs.org/pixi.js/-/pixi.js-6.1.2.tgz",
      "integrity": "sha512-i6MWxeRtgGGIEa58KXHG2/1QZmFxrkmieQMtr5+Bs5Eje5vBaQqmmBcysnSTpYuIlxGnmXXmawf/9cd4aFNTCA==",
      "requires": {
        "@pixi/accessibility": "6.1.2",
        "@pixi/app": "6.1.2",
        "@pixi/compressed-textures": "6.1.2",
        "@pixi/constants": "6.1.2",
        "@pixi/core": "6.1.2",
        "@pixi/display": "6.1.2",
        "@pixi/extract": "6.1.2",
        "@pixi/filter-alpha": "6.1.2",
        "@pixi/filter-blur": "6.1.2",
        "@pixi/filter-color-matrix": "6.1.2",
        "@pixi/filter-displacement": "6.1.2",
        "@pixi/filter-fxaa": "6.1.2",
        "@pixi/filter-noise": "6.1.2",
        "@pixi/graphics": "6.1.2",
        "@pixi/interaction": "6.1.2",
        "@pixi/loaders": "6.1.2",
        "@pixi/math": "6.1.2",
        "@pixi/mesh": "6.1.2",
        "@pixi/mesh-extras": "6.1.2",
        "@pixi/mixin-cache-as-bitmap": "6.1.2",
        "@pixi/mixin-get-child-by-name": "6.1.2",
        "@pixi/mixin-get-global-position": "6.1.2",
        "@pixi/particle-container": "6.1.2",
        "@pixi/polyfill": "6.1.2",
        "@pixi/prepare": "6.1.2",
        "@pixi/runner": "6.1.2",
        "@pixi/settings": "6.1.2",
        "@pixi/sprite": "6.1.2",
        "@pixi/sprite-animated": "6.1.2",
        "@pixi/sprite-tiling": "6.1.2",
        "@pixi/spritesheet": "6.1.2",
        "@pixi/text": "6.1.2",
        "@pixi/text-bitmap": "6.1.2",
        "@pixi/ticker": "6.1.2",
        "@pixi/utils": "6.1.2"
      }
    },
    "promise-polyfill": {
      "version": "8.2.0",
      "resolved": "https://registry.npmjs.org/promise-polyfill/-/promise-polyfill-8.2.0.tgz",
      "integrity": "sha512-k/TC0mIcPVF6yHhUvwAp7cvL6I2fFV7TzF1DuGPI8mBh4QQazf36xCKEHKTZKRysEoTQoQdKyP25J8MPJp7j5g=="
    },
    "punycode": {
      "version": "1.3.2",
      "resolved": "https://registry.npmjs.org/punycode/-/punycode-1.3.2.tgz",
      "integrity": "sha1-llOgNvt8HuQjQvIyXM7v6jkmxI0="
    },
    "querystring": {
      "version": "0.2.0",
      "resolved": "https://registry.npmjs.org/querystring/-/querystring-0.2.0.tgz",
      "integrity": "sha1-sgmEkgO7Jd+CDadW50cAWHhSFiA="
    },
    "typescript": {
      "version": "4.3.5",
      "resolved": "https://registry.npmjs.org/typescript/-/typescript-4.3.5.tgz",
      "integrity": "sha512-DqQgihaQ9cUrskJo9kIyW/+g0Vxsk8cDtZ52a3NGh0YNTfpUSArXSohyUGnvbPazEPLu398C0UxmKSOrPumUzA==",
      "dev": true
    },
    "url": {
      "version": "0.11.0",
      "resolved": "https://registry.npmjs.org/url/-/url-0.11.0.tgz",
      "integrity": "sha1-ODjpfPxgUh63PFJajlW/3Z4uKPE=",
      "requires": {
        "punycode": "1.3.2",
        "querystring": "0.2.0"
      }
    }
  }
}
